schema: '2.0'
stages:
  preprocess:
    cmd: python src/data/preprocess.py --input 
      data/raw/dataset_ProjetML_2026.csv --output 
      data/processed/dataset_clean.csv --models models
    deps:
    - path: data/raw/dataset_ProjetML_2026.csv
      hash: md5
      md5: ebca3e2a097a475cee3af2c152e90164
      size: 2586532
    - path: src/data/preprocess.py
      hash: md5
      md5: b6c597119584118a67223e2e41e1bc95
      size: 4191
    params:
      params.yaml:
        preprocess.iqr_factor: 3.0
        preprocess.knn_neighbors: 5
    outs:
    - path: data/processed/dataset_clean.csv
      hash: md5
      md5: 6c121ba6c478d108f3b1f2f7cc431ddb
      size: 2140891
  train:
    cmd: python src/models/train.py --data data/processed/dataset_clean.csv 
      --models models --experiment EcoSmart_Classification
    deps:
    - path: data/processed/dataset_clean.csv
      hash: md5
      md5: 6c121ba6c478d108f3b1f2f7cc431ddb
      size: 2140891
    - path: src/models/train.py
      hash: md5
      md5: d2e9e5f5120ca0fa6505fe43dce6ec92
      size: 15817
    params:
      params.yaml:
        train.n_estimators: 100
        train.random_state: 42
        train.test_size: 0.3
    outs:
    - path: models/classifier_best.pkl
      hash: md5
      md5: 7983ff98484060406801f1d42e5f7eb8
      size: 757689
    - path: models/regressor_best.pkl
      hash: md5
      md5: 8b1efc558532d24dc907b29bcb16f814
      size: 14449665
    - path: reports/metrics_classification.json
      hash: md5
      md5: ec378b06cc613d79073c479c4b7e861c
      size: 51
  train_nlp:
    cmd: python src/nlp/train_nlp.py --data data/processed/dataset_clean.csv 
      --models models --experiment EcoSmart_NLP
    deps:
    - path: data/processed/dataset_clean.csv
      hash: md5
      md5: 6c121ba6c478d108f3b1f2f7cc431ddb
      size: 2140891
    - path: src/nlp/train_nlp.py
      hash: md5
      md5: 33648bde4b6c6d0a875b11802cff927f
      size: 12795
    outs:
    - path: models/nlp_classifier.pkl
      hash: md5
      md5: eea352e737398df689b6dcf4b2319e55
      size: 42103
    - path: models/tfidf_vectorizer.pkl
      hash: md5
      md5: 19f8f1f4a0e6790f7ce115a9f46be0f4
      size: 17099
    - path: reports/metrics_nlp.json
      hash: md5
      md5: f6b7aaf4a93a356ca971440e5ca0ecff
      size: 424
